uuid: 952da507-8907-402b-b2e7-170b6850c23d
langcode: en-gb
status: true
dependencies: {  }
_core:
  default_config_hash: aTx4hcF_KL7KXRHBx55Dgvyb8dtlV_sHHYFW7HxNdSo
id: disclaimer_block
label: 'Disclaimer block'
revision: false
description: 'A disclaimer block contains disclaimer and copyright text.'
